PODS:
  - GPUImage (0.1.7)
  - TupuTech (1.0.4):
    - GPUImage

DEPENDENCIES:
  - TupuTech (from `../`)

EXTERNAL SOURCES:
  TupuTech:
    :path: "../"

SPEC CHECKSUMS:
  GPUImage: 733a5f0fab92df9de1c37ba9df520a833ccb406d
  TupuTech: 3e19358d6769aa21bf3a5b65b4bedb7482db212f

PODFILE CHECKSUM: 2b054422ad53144a8e6988074a59921efdfb8d93

COCOAPODS: 1.2.0
