// !$*UTF8*$!
{
	archiveVersion = 1;
	classes = {
	};
	objectVersion = 46;
	objects = {

/* Begin PBXBuildFile section */
		0AAC80671E251215006A97EC /* main.m in Sources */ = {isa = PBXBuildFile; fileRef = 0AAC80661E251215006A97EC /* main.m */; };
		0AAC806A1E251215006A97EC /* AppDelegate.m in Sources */ = {isa = PBXBuildFile; fileRef = 0AAC80691E251215006A97EC /* AppDelegate.m */; };
		0AAC806D1E251215006A97EC /* ViewController.m in Sources */ = {isa = PBXBuildFile; fileRef = 0AAC806C1E251215006A97EC /* ViewController.m */; };
		0AAC80701E251215006A97EC /* Main.storyboard in Resources */ = {isa = PBXBuildFile; fileRef = 0AAC806E1E251215006A97EC /* Main.storyboard */; };
		0AAC80721E251215006A97EC /* Assets.xcassets in Resources */ = {isa = PBXBuildFile; fileRef = 0AAC80711E251215006A97EC /* Assets.xcassets */; };
		0AAC80751E251215006A97EC /* LaunchScreen.storyboard in Resources */ = {isa = PBXBuildFile; fileRef = 0AAC80731E251215006A97EC /* LaunchScreen.storyboard */; };
/* End PBXBuildFile section */

/* Begin PBXFileReference section */
		0AAC80621E251215006A97EC /* TUPUFaceDemo.app */ = {isa = PBXFileReference; explicitFileType = wrapper.application; includeInIndex = 0; path = TUPUFaceDemo.app; sourceTree = BUILT_PRODUCTS_DIR; };
		0AAC80661E251215006A97EC /* main.m */ = {isa = PBXFileReference; lastKnownFileType = sourcecode.c.objc; path = main.m; sourceTree = "<group>"; };
		0AAC80681E251215006A97EC /* AppDelegate.h */ = {isa = PBXFileReference; lastKnownFileType = sourcecode.c.h; path = AppDelegate.h; sourceTree = "<group>"; };
		0AAC80691E251215006A97EC /* AppDelegate.m */ = {isa = PBXFileReference; lastKnownFileType = sourcecode.c.objc; path = AppDelegate.m; sourceTree = "<group>"; };
		0AAC806B1E251215006A97EC /* ViewController.h */ = {isa = PBXFileReference; lastKnownFileType = sourcecode.c.h; path = ViewController.h; sourceTree = "<group>"; };
		0AAC806C1E251215006A97EC /* ViewController.m */ = {isa = PBXFileReference; lastKnownFileType = sourcecode.c.objc; path = ViewController.m; sourceTree = "<group>"; };
		0AAC806F1E251215006A97EC /* Base */ = {isa = PBXFileReference; lastKnownFileType = file.storyboard; name = Base; path = Base.lproj/Main.storyboard; sourceTree = "<group>"; };
		0AAC80711E251215006A97EC /* Assets.xcassets */ = {isa = PBXFileReference; lastKnownFileType = folder.assetcatalog; path = Assets.xcassets; sourceTree = "<group>"; };
		0AAC80741E251215006A97EC /* Base */ = {isa = PBXFileReference; lastKnownFileType = file.storyboard; name = Base; path = Base.lproj/LaunchScreen.storyboard; sourceTree = "<group>"; };
		0AAC80761E251215006A97EC /* Info.plist */ = {isa = PBXFileReference; lastKnownFileType = text.plist.xml; path = Info.plist; sourceTree = "<group>"; };
/* End PBXFileReference section */

/* Begin PBXFrameworksBuildPhase section */
		0AAC805F1E251215006A97EC /* Frameworks */ = {
			isa = PBXFrameworksBuildPhase;
			buildActionMask = 2147483647;
			files = (
			);
			runOnlyForDeploymentPostprocessing = 0;
		};
/* End PBXFrameworksBuildPhase section */

/* Begin PBXGroup section */
		0AAC80591E251215006A97EC = {
			isa = PBXGroup;
			children = (
				0AAC80641E251215006A97EC /* TUPUFaceDemo */,
				0AAC80631E251215006A97EC /* Products */,
			);
			sourceTree = "<group>";
		};
		0AAC80631E251215006A97EC /* Products */ = {
			isa = PBXGroup;
			children = (
				0AAC80621E251215006A97EC /* TUPUFaceDemo.app */,
			);
			name = Products;
			sourceTree = "<group>";
		};
		0AAC80641E251215006A97EC /* TUPUFaceDemo */ = {
			isa = PBXGroup;
			children = (
				0AAC80681E251215006A97EC /* AppDelegate.h */,
				0AAC80691E251215006A97EC /* AppDelegate.m */,
				0AAC806B1E251215006A97EC /* ViewController.h */,
				0AAC806C1E251215006A97EC /* ViewController.m */,
				0AAC806E1E251215006A97EC /* Main.storyboard */,
				0AAC80711E251215006A97EC /* Assets.xcassets */,
				0AAC80731E251215006A97EC /* LaunchScreen.storyboard */,
				0AAC80761E251215006A97EC /* Info.plist */,
				0AAC80651E251215006A97EC /* Supporting Files */,
			);
			path = TUPUFaceDemo;
			sourceTree = "<group>";
		};
		0AAC80651E251215006A97EC /* Supporting Files */ = {
			isa = PBXGroup;
			children = (
				0AAC80661E251215006A97EC /* main.m */,
			);
			name = "Supporting Files";
			sourceTree = "<group>";
		};
/* End PBXGroup section */

/* Begin PBXNativeTarget section */
		0AAC80611E251215006A97EC /* TUPUFaceDemo */ = {
			isa = PBXNativeTarget;
			buildConfigurationList = 0AAC80791E251215006A97EC /* Build configuration list for PBXNativeTarget "TUPUFaceDemo" */;
			buildPhases = (
				0AAC805E1E251215006A97EC /* Sources */,
				0AAC805F1E251215006A97EC /* Frameworks */,
				0AAC80601E251215006A97EC /* Resources */,
			);
			buildRules = (
			);
			dependencies = (
			);
			name = TUPUFaceDemo;
			productName = TUPUFaceDemo;
			productReference = 0AAC80621E251215006A97EC /* TUPUFaceDemo.app */;
			productType = "com.apple.product-type.application";
		};
/* End PBXNativeTarget section */

/* Begin PBXProject section */
		0AAC805A1E251215006A97EC /* Project object */ = {
			isa = PBXProject;
			attributes = {
				LastUpgradeCheck = 0820;
				ORGANIZATIONNAME = tupu;
				TargetAttributes = {
					0AAC80611E251215006A97EC = {
						CreatedOnToolsVersion = 8.2;
						DevelopmentTeam = 69GDDT3FCQ;
						ProvisioningStyle = Automatic;
					};
				};
			};
			buildConfigurationList = 0AAC805D1E251215006A97EC /* Build configuration list for PBXProject "TUPUFaceDemo" */;
			compatibilityVersion = "Xcode 3.2";
			developmentRegion = English;
			hasScannedForEncodings = 0;
			knownRegions = (
				en,
				Base,
			);
			mainGroup = 0AAC80591E251215006A97EC;
			productRefGroup = 0AAC80631E251215006A97EC /* Products */;
			projectDirPath = "";
			projectRoot = "";
			targets = (
				0AAC80611E251215006A97EC /* TUPUFaceDemo */,
			);
		};
/* End PBXProject section */

/* Begin PBXResourcesBuildPhase section */
		0AAC80601E251215006A97EC /* Resources */ = {
			isa = PBXResourcesBuildPhase;
			buildActionMask = 2147483647;
			files = (
				0AAC80751E251215006A97EC /* LaunchScreen.storyboard in Resources */,
				0AAC80721E251215006A97EC /* Assets.xcassets in Resources */,
				0AAC80701E251215006A97EC /* Main.storyboard in Resources */,
			);
			runOnlyForDeploymentPostprocessing = 0;
		};
/* End PBXResourcesBuildPhase section */

/* Begin PBXSourcesBuildPhase section */
		0AAC805E1E251215006A97EC /* Sources */ = {
			isa = PBXSourcesBuildPhase;
			buildActionMask = 2147483647;
			files = (
				0AAC806D1E251215006A97EC /* ViewController.m in Sources */,
				0AAC806A1E251215006A97EC /* AppDelegate.m in Sources */,
				0AAC80671E251215006A97EC /* main.m in Sources */,
			);
			runOnlyForDeploymentPostprocessing = 0;
		};
/* End PBXSourcesBuildPhase section */

/* Begin PBXVariantGroup section */
		0AAC806E1E251215006A97EC /* Main.storyboard */ = {
			isa = PBXVariantGroup;
			children = (
				0AAC806F1E251215006A97EC /* Base */,
			);
			name = Main.storyboard;
			sourceTree = "<group>";
		};
		0AAC80731E251215006A97EC /* LaunchScreen.storyboard */ = {
			isa = PBXVariantGroup;
			children = (
				0AAC80741E251215006A97EC /* Base */,
			);
			name = LaunchScreen.storyboard;
			sourceTree = "<group>";
		};
/* End PBXVariantGroup section */

/* Begin XCBuildConfiguration section */
		0AAC80771E251215006A97EC /* Debug */ = {
			isa = XCBuildConfiguration;
			buildSettings = {
				ALWAYS_SEARCH_USER_PATHS = NO;
				CLANG_ANALYZER_NONNULL = YES;
				CLANG_CXX_LANGUAGE_STANDARD = "gnu++0x";
				CLANG_CXX_LIBRARY = "libc++";
				CLANG_ENABLE_MODULES = YES;
				CLANG_ENABLE_OBJC_ARC = YES;
				CLANG_WARN_BOOL_CONVERSION = YES;
				CLANG_WARN_CONSTANT_CONVERSION = YES;
				CLANG_WARN_DIRECT_OBJC_ISA_USAGE = YES_ERROR;
				CLANG_WARN_DOCUMENTATION_COMMENTS = YES;
				CLANG_WARN_EMPTY_BODY = YES;
				CLANG_WARN_ENUM_CONVERSION = YES;
				CLANG_WARN_INFINITE_RECURSION = YES;
				CLANG_WARN_INT_CONVERSION = YES;
				CLANG_WARN_OBJC_ROOT_CLASS = YES_ERROR;
				CLANG_WARN_SUSPICIOUS_MOVE = YES;
				CLANG_WARN_UNREACHABLE_CODE = YES;
				CLANG_WARN__DUPLICATE_METHOD_MATCH = YES;
				"CODE_SIGN_IDENTITY[sdk=iphoneos*]" = "iPhone Developer";
				COPY_PHASE_STRIP = NO;
				DEBUG_INFORMATION_FORMAT = dwarf;
				ENABLE_STRICT_OBJC_MSGSEND = YES;
				ENABLE_TESTABILITY = YES;
				GCC_C_LANGUAGE_STANDARD = gnu99;
				GCC_DYNAMIC_NO_PIC = NO;
				GCC_NO_COMMON_BLOCKS = YES;
				GCC_OPTIMIZATION_LEVEL = 0;
				GCC_PREPROCESSOR_DEFINITIONS = (
					"DEBUG=1",
					"$(inherited)",
				);
				GCC_WARN_64_TO_32_BIT_CONVERSION = YES;
				GCC_WARN_ABOUT_RETURN_TYPE = YES_ERROR;
				GCC_WARN_UNDECLARED_SELECTOR = YES;
				GCC_WARN_UNINITIALIZED_AUTOS = YES_AGGRESSIVE;
				GCC_WARN_UNUSED_FUNCTION = YES;
				GCC_WARN_UNUSED_VARIABLE = YES;
				IPHONEOS_DEPLOYMENT_TARGET = 10.2;
				MTL_ENABLE_DEBUG_INFO = YES;
				ONLY_ACTIVE_ARCH = YES;
				SDKROOT = iphoneos;
				TARGETED_DEVICE_FAMILY = "1,2";
			};
			name = Debug;
		};
		0AAC80781E251215006A97EC /* Release */ = {
			isa = XCBuildConfiguration;
			buildSettings = {
				ALWAYS_SEARCH_USER_PATHS = NO;
				CLANG_ANALYZER_NONNULL = YES;
				CLANG_CXX_LANGUAGE_STANDARD = "gnu++0x";
				CLANG_CXX_LIBRARY = "libc++";
				CLANG_ENABLE_MODULES = YES;
				CLANG_ENABLE_OBJC_ARC = YES;
				CLANG_WARN_BOOL_CONVERSION = YES;
				CLANG_WARN_CONSTANT_CONVERSION = YES;
				CLANG_WARN_DIRECT_OBJC_ISA_USAGE = YES_ERROR;
				CLANG_WARN_DOCUMENTATION_COMMENTS = YES;
				CLANG_WARN_EMPTY_BODY = YES;
				CLANG_WARN_ENUM_CONVERSION = YES;
				CLANG_WARN_INFINITE_RECURSION = YES;
				CLANG_WARN_INT_CONVERSION = YES;
				CLANG_WARN_OBJC_ROOT_CLASS = YES_ERROR;
				CLANG_WARN_SUSPICIOUS_MOVE = YES;
				CLANG_WARN_UNREACHABLE_CODE = YES;
				CLANG_WARN__DUPLICATE_METHOD_MATCH = YES;
				"CODE_SIGN_IDENTITY[sdk=iphoneos*]" = "iPhone Developer";
				COPY_PHASE_STRIP = NO;
				DEBUG_INFORMATION_FORMAT = "dwarf-with-dsym";
				ENABLE_NS_ASSERTIONS = NO;
				ENABLE_STRICT_OBJC_MSGSEND = YES;
				GCC_C_LANGUAGE_STANDARD = gnu99;
				GCC_NO_COMMON_BLOCKS = YES;
				GCC_WARN_64_TO_32_BIT_CONVERSION = YES;
				GCC_WARN_ABOUT_RETURN_TYPE = YES_ERROR;
				GCC_WARN_UNDECLARED_SELECTOR = YES;
				GCC_WARN_UNINITIALIZED_AUTOS = YES_AGGRESSIVE;
				GCC_WARN_UNUSED_FUNCTION = YES;
				GCC_WARN_UNUSED_VARIABLE = YES;
				IPHONEOS_DEPLOYMENT_TARGET = 10.2;
				MTL_ENABLE_DEBUG_INFO = NO;
				SDKROOT = iphoneos;
				TARGETED_DEVICE_FAMILY = "1,2";
				VALIDATE_PRODUCT = YES;
			};
			name = Release;
		};
		0AAC807A1E251215006A97EC /* Debug */ = {
			isa = XCBuildConfiguration;
			buildSettings = {
				ASSETCATALOG_COMPILER_APPICON_NAME = AppIcon;
				DEVELOPMENT_TEAM = 69GDDT3FCQ;
				INFOPLIST_FILE = TUPUFaceDemo/Info.plist;
				LD_RUNPATH_SEARCH_PATHS = "$(inherited) @executable_path/Frameworks";
				PRODUCT_BUNDLE_IDENTIFIER = com.tuputech.TUPUFaceDemo;
				PRODUCT_NAME = "$(TARGET_NAME)";
			};
			name = Debug;
		};
		0AAC807B1E251215006A97EC /* Release */ = {
			isa = XCBuildConfiguration;
			buildSettings = {
				ASSETCATALOG_COMPILER_APPICON_NAME = AppIcon;
				DEVELOPMENT_TEAM = 69GDDT3FCQ;
				INFOPLIST_FILE = TUPUFaceDemo/Info.plist;
				LD_RUNPATH_SEARCH_PATHS = "$(inherited) @executable_path/Frameworks";
				PRODUCT_BUNDLE_IDENTIFIER = com.tuputech.TUPUFaceDemo;
				PRODUCT_NAME = "$(TARGET_NAME)";
			};
			name = Release;
		};
/* End XCBuildConfiguration section */

/* Begin XCConfigurationList section */
		0AAC805D1E251215006A97EC /* Build configuration list for PBXProject "TUPUFaceDemo" */ = {
			isa = XCConfigurationList;
			buildConfigurations = (
				0AAC80771E251215006A97EC /* Debug */,
				0AAC80781E251215006A97EC /* Release */,
			);
			defaultConfigurationIsVisible = 0;
			defaultConfigurationName = Release;
		};
		0AAC80791E251215006A97EC /* Build configuration list for PBXNativeTarget "TUPUFaceDemo" */ = {
			isa = XCConfigurationList;
			buildConfigurations = (
				0AAC807A1E251215006A97EC /* Debug */,
				0AAC807B1E251215006A97EC /* Release */,
			);
			defaultConfigurationIsVisible = 0;
		};
/* End XCConfigurationList section */
	};
	rootObject = 0AAC805A1E251215006A97EC /* Project object */;
}
